
Microsoft Visual Studio Solution File, Format Version 12.00
# Visual Studio 15
VisualStudioVersion = 15.0.28307.421
MinimumVisualStudioVersion = 10.0.40219.1
Project("{FAE04EC0-301F-11D3-BF4B-00C04F79EFBC}") = "ChessDb", "ChessDb\ChessDb.csproj", "{5EB8F747-05FA-4FC9-B07B-E60FAFF63B0C}"
EndProject
Global
	GlobalSection(SolutionConfigurationPlatforms) = preSolution
		Debug|Any CPU = Debug|Any CPU
		Release|Any CPU = Release|Any CPU
	EndGlobalSection
	GlobalSection(ProjectConfigurationPlatforms) = postSolution
		{5EB8F747-05FA-4FC9-B07B-E60FAFF63B0C}.Debug|Any CPU.ActiveCfg = Debug|Any CPU
		{5EB8F747-05FA-4FC9-B07B-E60FAFF63B0C}.Debug|Any CPU.Build.0 = Debug|Any CPU
		{5EB8F747-05FA-4FC9-B07B-E60FAFF63B0C}.Release|Any CPU.ActiveCfg = Release|Any CPU
		{5EB8F747-05FA-4FC9-B07B-E60FAFF63B0C}.Release|Any CPU.Build.0 = Release|Any CPU
	EndGlobalSection
	GlobalSection(SolutionProperties) = preSolution
		HideSolutionNode = FALSE
	EndGlobalSection
	GlobalSection(ExtensibilityGlobals) = postSolution
		SolutionGuid = {672C567E-7D4A-451E-8B54-86FC9A641BD2}
	EndGlobalSection
EndGlobal
